// !$*UTF8*$!
{
	archiveVersion = 1;
	classes = {
	};
	objectVersion = 55;
	objects = {

/* Begin PBXBuildFile section */
		C024E2A32A52DEF50099FEC0 /* AppDelegate.swift in Sources */ = {isa = PBXBuildFile; fileRef = C024E2A22A52DEF50099FEC0 /* AppDelegate.swift */; };
		C024E2A52A52DEF50099FEC0 /* SceneDelegate.swift in Sources */ = {isa = PBXBuildFile; fileRef = C024E2A42A52DEF50099FEC0 /* SceneDelegate.swift */; };
		C024E2A72A52DEF50099FEC0 /* MenuScreenVC.swift in Sources */ = {isa = PBXBuildFile; fileRef = C024E2A62A52DEF50099FEC0 /* MenuScreenVC.swift */; };
		C024E2AA2A52DEF50099FEC0 /* Main.storyboard in Resources */ = {isa = PBXBuildFile; fileRef = C024E2A82A52DEF50099FEC0 /* Main.storyboard */; };
		C024E2AC2A52DEF60099FEC0 /* Assets.xcassets in Resources */ = {isa = PBXBuildFile; fileRef = C024E2AB2A52DEF60099FEC0 /* Assets.xcassets */; };
		C024E2AF2A52DEF60099FEC0 /* LaunchScreen.storyboard in Resources */ = {isa = PBXBuildFile; fileRef = C024E2AD2A52DEF60099FEC0 /* LaunchScreen.storyboard */; };
		C024E2B92A52E2580099FEC0 /* SnapKit in Frameworks */ = {isa = PBXBuildFile; productRef = C024E2B82A52E2580099FEC0 /* SnapKit */; };
		C024E2BB2A52E5950099FEC0 /* ProductCell.swift in Sources */ = {isa = PBXBuildFile; fileRef = C024E2BA2A52E5950099FEC0 /* ProductCell.swift */; };
		C024E2BF2A52E9D90099FEC0 /* Product.swift in Sources */ = {isa = PBXBuildFile; fileRef = C024E2BE2A52E9D90099FEC0 /* Product.swift */; };
		C024E2C12A52EAA50099FEC0 /* ProductService.swift in Sources */ = {isa = PBXBuildFile; fileRef = C024E2C02A52EAA50099FEC0 /* ProductService.swift */; };
		C044106F2A558B0500BD40F8 /* MenuTabBar.swift in Sources */ = {isa = PBXBuildFile; fileRef = C044106E2A558B0500BD40F8 /* MenuTabBar.swift */; };
		C04410722A558F8200BD40F8 /* ProfileVC.swift in Sources */ = {isa = PBXBuildFile; fileRef = C04410712A558F8200BD40F8 /* ProfileVC.swift */; };
		C04410792A58441100BD40F8 /* BannerCell.swift in Sources */ = {isa = PBXBuildFile; fileRef = C04410782A58441100BD40F8 /* BannerCell.swift */; };
		C044107B2A59BE9500BD40F8 /* BannerCollectionViewCell.swift in Sources */ = {isa = PBXBuildFile; fileRef = C044107A2A59BE9500BD40F8 /* BannerCollectionViewCell.swift */; };
		C05CCD7B2A765725006FB0AB /* ProductTypeVC.swift in Sources */ = {isa = PBXBuildFile; fileRef = C05CCD7A2A765725006FB0AB /* ProductTypeVC.swift */; };
		C05CCD7F2A765ABC006FB0AB /* ProductTypeCell.swift in Sources */ = {isa = PBXBuildFile; fileRef = C05CCD7E2A765ABC006FB0AB /* ProductTypeCell.swift */; };
		C0C352B72A60308D003239C8 /* CartVC.swift in Sources */ = {isa = PBXBuildFile; fileRef = C0C352B62A60308D003239C8 /* CartVC.swift */; };
		C0C352BC2A617D9A003239C8 /* Category.swift in Sources */ = {isa = PBXBuildFile; fileRef = C0C352BB2A617D9A003239C8 /* Category.swift */; };
		C0C352BE2A617E34003239C8 /* CategoryService.swift in Sources */ = {isa = PBXBuildFile; fileRef = C0C352BD2A617E34003239C8 /* CategoryService.swift */; };
		C0C352C12A6181FF003239C8 /* CategoryTableViewCell.swift in Sources */ = {isa = PBXBuildFile; fileRef = C0C352C02A6181FF003239C8 /* CategoryTableViewCell.swift */; };
		C0C352C72A61987B003239C8 /* CategoryCollectionViewCell.swift in Sources */ = {isa = PBXBuildFile; fileRef = C0C352C62A61987B003239C8 /* CategoryCollectionViewCell.swift */; };
/* End PBXBuildFile section */

/* Begin PBXFileReference section */
		C024E29F2A52DEF50099FEC0 /* DodoApp.app */ = {isa = PBXFileReference; explicitFileType = wrapper.application; includeInIndex = 0; path = DodoApp.app; sourceTree = BUILT_PRODUCTS_DIR; };
		C024E2A22A52DEF50099FEC0 /* AppDelegate.swift */ = {isa = PBXFileReference; lastKnownFileType = sourcecode.swift; path = AppDelegate.swift; sourceTree = "<group>"; };
		C024E2A42A52DEF50099FEC0 /* SceneDelegate.swift */ = {isa = PBXFileReference; lastKnownFileType = sourcecode.swift; path = SceneDelegate.swift; sourceTree = "<group>"; };
		C024E2A62A52DEF50099FEC0 /* MenuScreenVC.swift */ = {isa = PBXFileReference; lastKnownFileType = sourcecode.swift; path = MenuScreenVC.swift; sourceTree = "<group>"; };
		C024E2A92A52DEF50099FEC0 /* Base */ = {isa = PBXFileReference; lastKnownFileType = file.storyboard; name = Base; path = Base.lproj/Main.storyboard; sourceTree = "<group>"; };
		C024E2AB2A52DEF60099FEC0 /* Assets.xcassets */ = {isa = PBXFileReference; lastKnownFileType = folder.assetcatalog; path = Assets.xcassets; sourceTree = "<group>"; };
		C024E2AE2A52DEF60099FEC0 /* Base */ = {isa = PBXFileReference; lastKnownFileType = file.storyboard; name = Base; path = Base.lproj/LaunchScreen.storyboard; sourceTree = "<group>"; };
		C024E2B02A52DEF60099FEC0 /* Info.plist */ = {isa = PBXFileReference; lastKnownFileType = text.plist.xml; path = Info.plist; sourceTree = "<group>"; };
		C024E2BA2A52E5950099FEC0 /* ProductCell.swift */ = {isa = PBXFileReference; lastKnownFileType = sourcecode.swift; path = ProductCell.swift; sourceTree = "<group>"; };
		C024E2BE2A52E9D90099FEC0 /* Product.swift */ = {isa = PBXFileReference; lastKnownFileType = sourcecode.swift; path = Product.swift; sourceTree = "<group>"; };
		C024E2C02A52EAA50099FEC0 /* ProductService.swift */ = {isa = PBXFileReference; lastKnownFileType = sourcecode.swift; path = ProductService.swift; sourceTree = "<group>"; };
		C044106E2A558B0500BD40F8 /* MenuTabBar.swift */ = {isa = PBXFileReference; lastKnownFileType = sourcecode.swift; path = MenuTabBar.swift; sourceTree = "<group>"; };
		C04410712A558F8200BD40F8 /* ProfileVC.swift */ = {isa = PBXFileReference; lastKnownFileType = sourcecode.swift; path = ProfileVC.swift; sourceTree = "<group>"; };
		C04410782A58441100BD40F8 /* BannerCell.swift */ = {isa = PBXFileReference; lastKnownFileType = sourcecode.swift; path = BannerCell.swift; sourceTree = "<group>"; };
		C044107A2A59BE9500BD40F8 /* BannerCollectionViewCell.swift */ = {isa = PBXFileReference; lastKnownFileType = sourcecode.swift; path = BannerCollectionViewCell.swift; sourceTree = "<group>"; };
		C05CCD7A2A765725006FB0AB /* ProductTypeVC.swift */ = {isa = PBXFileReference; lastKnownFileType = sourcecode.swift; path = ProductTypeVC.swift; sourceTree = "<group>"; };
		C05CCD7E2A765ABC006FB0AB /* ProductTypeCell.swift */ = {isa = PBXFileReference; lastKnownFileType = sourcecode.swift; path = ProductTypeCell.swift; sourceTree = "<group>"; };
		C0C352B62A60308D003239C8 /* CartVC.swift */ = {isa = PBXFileReference; lastKnownFileType = sourcecode.swift; path = CartVC.swift; sourceTree = "<group>"; };
		C0C352BB2A617D9A003239C8 /* Category.swift */ = {isa = PBXFileReference; lastKnownFileType = sourcecode.swift; path = Category.swift; sourceTree = "<group>"; };
		C0C352BD2A617E34003239C8 /* CategoryService.swift */ = {isa = PBXFileReference; lastKnownFileType = sourcecode.swift; path = CategoryService.swift; sourceTree = "<group>"; };
		C0C352C02A6181FF003239C8 /* CategoryTableViewCell.swift */ = {isa = PBXFileReference; lastKnownFileType = sourcecode.swift; path = CategoryTableViewCell.swift; sourceTree = "<group>"; };
		C0C352C62A61987B003239C8 /* CategoryCollectionViewCell.swift */ = {isa = PBXFileReference; lastKnownFileType = sourcecode.swift; path = CategoryCollectionViewCell.swift; sourceTree = "<group>"; };
/* End PBXFileReference section */

/* Begin PBXFrameworksBuildPhase section */
		C024E29C2A52DEF50099FEC0 /* Frameworks */ = {
			isa = PBXFrameworksBuildPhase;
			buildActionMask = 2147483647;
			files = (
				C024E2B92A52E2580099FEC0 /* SnapKit in Frameworks */,
			);
			runOnlyForDeploymentPostprocessing = 0;
		};
/* End PBXFrameworksBuildPhase section */

/* Begin PBXGroup section */
		C024E2962A52DEF50099FEC0 = {
			isa = PBXGroup;
			children = (
				C024E2A12A52DEF50099FEC0 /* DodoApp */,
				C024E2A02A52DEF50099FEC0 /* Products */,
			);
			sourceTree = "<group>";
		};
		C024E2A02A52DEF50099FEC0 /* Products */ = {
			isa = PBXGroup;
			children = (
				C024E29F2A52DEF50099FEC0 /* DodoApp.app */,
			);
			name = Products;
			sourceTree = "<group>";
		};
		C024E2A12A52DEF50099FEC0 /* DodoApp */ = {
			isa = PBXGroup;
			children = (
				C024E2BC2A52E9200099FEC0 /* App */,
				C024E2C62A52EFD30099FEC0 /* Screens */,
				C024E2C22A52EB510099FEC0 /* Service */,
				C024E2C32A52EB740099FEC0 /* Model */,
				C024E2BD2A52E9470099FEC0 /* Resources */,
			);
			path = DodoApp;
			sourceTree = "<group>";
		};
		C024E2BC2A52E9200099FEC0 /* App */ = {
			isa = PBXGroup;
			children = (
				C024E2A22A52DEF50099FEC0 /* AppDelegate.swift */,
				C024E2A42A52DEF50099FEC0 /* SceneDelegate.swift */,
			);
			name = App;
			sourceTree = "<group>";
		};
		C024E2BD2A52E9470099FEC0 /* Resources */ = {
			isa = PBXGroup;
			children = (
				C024E2A82A52DEF50099FEC0 /* Main.storyboard */,
				C024E2AB2A52DEF60099FEC0 /* Assets.xcassets */,
				C024E2AD2A52DEF60099FEC0 /* LaunchScreen.storyboard */,
				C024E2B02A52DEF60099FEC0 /* Info.plist */,
			);
			path = Resources;
			sourceTree = "<group>";
		};
		C024E2C22A52EB510099FEC0 /* Service */ = {
			isa = PBXGroup;
			children = (
				C024E2C02A52EAA50099FEC0 /* ProductService.swift */,
				C0C352BD2A617E34003239C8 /* CategoryService.swift */,
			);
			name = Service;
			sourceTree = "<group>";
		};
		C024E2C32A52EB740099FEC0 /* Model */ = {
			isa = PBXGroup;
			children = (
				C024E2BE2A52E9D90099FEC0 /* Product.swift */,
				C0C352BB2A617D9A003239C8 /* Category.swift */,
			);
			path = Model;
			sourceTree = "<group>";
		};
		C024E2C42A52EB960099FEC0 /* Menu */ = {
			isa = PBXGroup;
			children = (
				C024E2C82A5466820099FEC0 /* Controller */,
				C0C352BF2A618135003239C8 /* Category */,
				C04410772A5843E200BD40F8 /* Banner */,
				C024E2C72A5466570099FEC0 /* Cells */,
			);
			name = Menu;
			path = ..;
			sourceTree = "<group>";
		};
		C024E2C62A52EFD30099FEC0 /* Screens */ = {
			isa = PBXGroup;
			children = (
				C044106E2A558B0500BD40F8 /* MenuTabBar.swift */,
				C024E2C42A52EB960099FEC0 /* Menu */,
				C04410742A56DFF500BD40F8 /* Product */,
				C0C352B52A603069003239C8 /* Cart */,
				C04410702A558EDA00BD40F8 /* Profile */,
			);
			path = Screens;
			sourceTree = "<group>";
		};
		C024E2C72A5466570099FEC0 /* Cells */ = {
			isa = PBXGroup;
			children = (
				C024E2BA2A52E5950099FEC0 /* ProductCell.swift */,
			);
			name = Cells;
			sourceTree = "<group>";
		};
		C024E2C82A5466820099FEC0 /* Controller */ = {
			isa = PBXGroup;
			children = (
				C024E2A62A52DEF50099FEC0 /* MenuScreenVC.swift */,
			);
			name = Controller;
			sourceTree = "<group>";
		};
		C04410702A558EDA00BD40F8 /* Profile */ = {
			isa = PBXGroup;
			children = (
				C04410712A558F8200BD40F8 /* ProfileVC.swift */,
			);
			name = Profile;
			sourceTree = "<group>";
		};
		C04410742A56DFF500BD40F8 /* Product */ = {
			isa = PBXGroup;
			children = (
				C05CCD772A7656D2006FB0AB /* Controller */,
			);
			path = Product;
			sourceTree = "<group>";
		};
		C04410772A5843E200BD40F8 /* Banner */ = {
			isa = PBXGroup;
			children = (
				C044107A2A59BE9500BD40F8 /* BannerCollectionViewCell.swift */,
				C04410782A58441100BD40F8 /* BannerCell.swift */,
			);
			name = Banner;
			sourceTree = "<group>";
		};
		C05CCD772A7656D2006FB0AB /* Controller */ = {
			isa = PBXGroup;
			children = (
				C05CCD7A2A765725006FB0AB /* ProductTypeVC.swift */,
				C05CCD7D2A765A9B006FB0AB /* Cell */,
			);
			path = Controller;
			sourceTree = "<group>";
		};
		C05CCD7D2A765A9B006FB0AB /* Cell */ = {
			isa = PBXGroup;
			children = (
				C05CCD7E2A765ABC006FB0AB /* ProductTypeCell.swift */,
			);
			path = Cell;
			sourceTree = "<group>";
		};
		C0C352B52A603069003239C8 /* Cart */ = {
			isa = PBXGroup;
			children = (
				C0C352B62A60308D003239C8 /* CartVC.swift */,
			);
			name = Cart;
			sourceTree = "<group>";
		};
		C0C352BF2A618135003239C8 /* Category */ = {
			isa = PBXGroup;
			children = (
				C0C352C02A6181FF003239C8 /* CategoryTableViewCell.swift */,
				C0C352C62A61987B003239C8 /* CategoryCollectionViewCell.swift */,
			);
			path = Category;
			sourceTree = "<group>";
		};
/* End PBXGroup section */

/* Begin PBXNativeTarget section */
		C024E29E2A52DEF50099FEC0 /* DodoApp */ = {
			isa = PBXNativeTarget;
			buildConfigurationList = C024E2B32A52DEF60099FEC0 /* Build configuration list for PBXNativeTarget "DodoApp" */;
			buildPhases = (
				C024E29B2A52DEF50099FEC0 /* Sources */,
				C024E29C2A52DEF50099FEC0 /* Frameworks */,
				C024E29D2A52DEF50099FEC0 /* Resources */,
			);
			buildRules = (
			);
			dependencies = (
			);
			name = DodoApp;
			packageProductDependencies = (
				C024E2B82A52E2580099FEC0 /* SnapKit */,
			);
			productName = DodoApp;
			productReference = C024E29F2A52DEF50099FEC0 /* DodoApp.app */;
			productType = "com.apple.product-type.application";
		};
/* End PBXNativeTarget section */

/* Begin PBXProject section */
		C024E2972A52DEF50099FEC0 /* Project object */ = {
			isa = PBXProject;
			attributes = {
				BuildIndependentTargetsInParallel = 1;
				LastSwiftUpdateCheck = 1420;
				LastUpgradeCheck = 1420;
				TargetAttributes = {
					C024E29E2A52DEF50099FEC0 = {
						CreatedOnToolsVersion = 14.2;
					};
				};
			};
			buildConfigurationList = C024E29A2A52DEF50099FEC0 /* Build configuration list for PBXProject "DodoApp" */;
			compatibilityVersion = "Xcode 13.0";
			developmentRegion = en;
			hasScannedForEncodings = 0;
			knownRegions = (
				en,
				Base,
			);
			mainGroup = C024E2962A52DEF50099FEC0;
			packageReferences = (
				C024E2B72A52E2580099FEC0 /* XCRemoteSwiftPackageReference "SnapKit" */,
			);
			productRefGroup = C024E2A02A52DEF50099FEC0 /* Products */;
			projectDirPath = "";
			projectRoot = "";
			targets = (
				C024E29E2A52DEF50099FEC0 /* DodoApp */,
			);
		};
/* End PBXProject section */

/* Begin PBXResourcesBuildPhase section */
		C024E29D2A52DEF50099FEC0 /* Resources */ = {
			isa = PBXResourcesBuildPhase;
			buildActionMask = 2147483647;
			files = (
				C024E2AF2A52DEF60099FEC0 /* LaunchScreen.storyboard in Resources */,
				C024E2AC2A52DEF60099FEC0 /* Assets.xcassets in Resources */,
				C024E2AA2A52DEF50099FEC0 /* Main.storyboard in Resources */,
			);
			runOnlyForDeploymentPostprocessing = 0;
		};
/* End PBXResourcesBuildPhase section */

/* Begin PBXSourcesBuildPhase section */
		C024E29B2A52DEF50099FEC0 /* Sources */ = {
			isa = PBXSourcesBuildPhase;
			buildActionMask = 2147483647;
			files = (
				C0C352C72A61987B003239C8 /* CategoryCollectionViewCell.swift in Sources */,
				C05CCD7B2A765725006FB0AB /* ProductTypeVC.swift in Sources */,
				C024E2A72A52DEF50099FEC0 /* MenuScreenVC.swift in Sources */,
				C05CCD7F2A765ABC006FB0AB /* ProductTypeCell.swift in Sources */,
				C0C352C12A6181FF003239C8 /* CategoryTableViewCell.swift in Sources */,
				C044107B2A59BE9500BD40F8 /* BannerCollectionViewCell.swift in Sources */,
				C0C352B72A60308D003239C8 /* CartVC.swift in Sources */,
				C0C352BE2A617E34003239C8 /* CategoryService.swift in Sources */,
				C04410792A58441100BD40F8 /* BannerCell.swift in Sources */,
				C024E2C12A52EAA50099FEC0 /* ProductService.swift in Sources */,
				C044106F2A558B0500BD40F8 /* MenuTabBar.swift in Sources */,
				C024E2BB2A52E5950099FEC0 /* ProductCell.swift in Sources */,
				C04410722A558F8200BD40F8 /* ProfileVC.swift in Sources */,
				C024E2BF2A52E9D90099FEC0 /* Product.swift in Sources */,
				C0C352BC2A617D9A003239C8 /* Category.swift in Sources */,
				C024E2A32A52DEF50099FEC0 /* AppDelegate.swift in Sources */,
				C024E2A52A52DEF50099FEC0 /* SceneDelegate.swift in Sources */,
			);
			runOnlyForDeploymentPostprocessing = 0;
		};
/* End PBXSourcesBuildPhase section */

/* Begin PBXVariantGroup section */
		C024E2A82A52DEF50099FEC0 /* Main.storyboard */ = {
			isa = PBXVariantGroup;
			children = (
				C024E2A92A52DEF50099FEC0 /* Base */,
			);
			name = Main.storyboard;
			sourceTree = "<group>";
		};
		C024E2AD2A52DEF60099FEC0 /* LaunchScreen.storyboard */ = {
			isa = PBXVariantGroup;
			children = (
				C024E2AE2A52DEF60099FEC0 /* Base */,
			);
			name = LaunchScreen.storyboard;
			sourceTree = "<group>";
		};
/* End PBXVariantGroup section */

/* Begin XCBuildConfiguration section */
		C024E2B12A52DEF60099FEC0 /* Debug */ = {
			isa = XCBuildConfiguration;
			buildSettings = {
				ALWAYS_SEARCH_USER_PATHS = NO;
				CLANG_ANALYZER_NONNULL = YES;
				CLANG_ANALYZER_NUMBER_OBJECT_CONVERSION = YES_AGGRESSIVE;
				CLANG_CXX_LANGUAGE_STANDARD = "gnu++20";
				CLANG_ENABLE_MODULES = YES;
				CLANG_ENABLE_OBJC_ARC = YES;
				CLANG_ENABLE_OBJC_WEAK = YES;
				CLANG_WARN_BLOCK_CAPTURE_AUTORELEASING = YES;
				CLANG_WARN_BOOL_CONVERSION = YES;
				CLANG_WARN_COMMA = YES;
				CLANG_WARN_CONSTANT_CONVERSION = YES;
				CLANG_WARN_DEPRECATED_OBJC_IMPLEMENTATIONS = YES;
				CLANG_WARN_DIRECT_OBJC_ISA_USAGE = YES_ERROR;
				CLANG_WARN_DOCUMENTATION_COMMENTS = YES;
				CLANG_WARN_EMPTY_BODY = YES;
				CLANG_WARN_ENUM_CONVERSION = YES;
				CLANG_WARN_INFINITE_RECURSION = YES;
				CLANG_WARN_INT_CONVERSION = YES;
				CLANG_WARN_NON_LITERAL_NULL_CONVERSION = YES;
				CLANG_WARN_OBJC_IMPLICIT_RETAIN_SELF = YES;
				CLANG_WARN_OBJC_LITERAL_CONVERSION = YES;
				CLANG_WARN_OBJC_ROOT_CLASS = YES_ERROR;
				CLANG_WARN_QUOTED_INCLUDE_IN_FRAMEWORK_HEADER = YES;
				CLANG_WARN_RANGE_LOOP_ANALYSIS = YES;
				CLANG_WARN_STRICT_PROTOTYPES = YES;
				CLANG_WARN_SUSPICIOUS_MOVE = YES;
				CLANG_WARN_UNGUARDED_AVAILABILITY = YES_AGGRESSIVE;
				CLANG_WARN_UNREACHABLE_CODE = YES;
				CLANG_WARN__DUPLICATE_METHOD_MATCH = YES;
				COPY_PHASE_STRIP = NO;
				DEBUG_INFORMATION_FORMAT = dwarf;
				ENABLE_STRICT_OBJC_MSGSEND = YES;
				ENABLE_TESTABILITY = YES;
				GCC_C_LANGUAGE_STANDARD = gnu11;
				GCC_DYNAMIC_NO_PIC = NO;
				GCC_NO_COMMON_BLOCKS = YES;
				GCC_OPTIMIZATION_LEVEL = 0;
				GCC_PREPROCESSOR_DEFINITIONS = (
					"DEBUG=1",
					"$(inherited)",
				);
				GCC_WARN_64_TO_32_BIT_CONVERSION = YES;
				GCC_WARN_ABOUT_RETURN_TYPE = YES_ERROR;
				GCC_WARN_UNDECLARED_SELECTOR = YES;
				GCC_WARN_UNINITIALIZED_AUTOS = YES_AGGRESSIVE;
				GCC_WARN_UNUSED_FUNCTION = YES;
				GCC_WARN_UNUSED_VARIABLE = YES;
				IPHONEOS_DEPLOYMENT_TARGET = 16.2;
				MTL_ENABLE_DEBUG_INFO = INCLUDE_SOURCE;
				MTL_FAST_MATH = YES;
				ONLY_ACTIVE_ARCH = YES;
				SDKROOT = iphoneos;
				SWIFT_ACTIVE_COMPILATION_CONDITIONS = DEBUG;
				SWIFT_OPTIMIZATION_LEVEL = "-Onone";
			};
			name = Debug;
		};
		C024E2B22A52DEF60099FEC0 /* Release */ = {
			isa = XCBuildConfiguration;
			buildSettings = {
				ALWAYS_SEARCH_USER_PATHS = NO;
				CLANG_ANALYZER_NONNULL = YES;
				CLANG_ANALYZER_NUMBER_OBJECT_CONVERSION = YES_AGGRESSIVE;
				CLANG_CXX_LANGUAGE_STANDARD = "gnu++20";
				CLANG_ENABLE_MODULES = YES;
				CLANG_ENABLE_OBJC_ARC = YES;
				CLANG_ENABLE_OBJC_WEAK = YES;
				CLANG_WARN_BLOCK_CAPTURE_AUTORELEASING = YES;
				CLANG_WARN_BOOL_CONVERSION = YES;
				CLANG_WARN_COMMA = YES;
				CLANG_WARN_CONSTANT_CONVERSION = YES;
				CLANG_WARN_DEPRECATED_OBJC_IMPLEMENTATIONS = YES;
				CLANG_WARN_DIRECT_OBJC_ISA_USAGE = YES_ERROR;
				CLANG_WARN_DOCUMENTATION_COMMENTS = YES;
				CLANG_WARN_EMPTY_BODY = YES;
				CLANG_WARN_ENUM_CONVERSION = YES;
				CLANG_WARN_INFINITE_RECURSION = YES;
				CLANG_WARN_INT_CONVERSION = YES;
				CLANG_WARN_NON_LITERAL_NULL_CONVERSION = YES;
				CLANG_WARN_OBJC_IMPLICIT_RETAIN_SELF = YES;
				CLANG_WARN_OBJC_LITERAL_CONVERSION = YES;
				CLANG_WARN_OBJC_ROOT_CLASS = YES_ERROR;
				CLANG_WARN_QUOTED_INCLUDE_IN_FRAMEWORK_HEADER = YES;
				CLANG_WARN_RANGE_LOOP_ANALYSIS = YES;
				CLANG_WARN_STRICT_PROTOTYPES = YES;
				CLANG_WARN_SUSPICIOUS_MOVE = YES;
				CLANG_WARN_UNGUARDED_AVAILABILITY = YES_AGGRESSIVE;
				CLANG_WARN_UNREACHABLE_CODE = YES;
				CLANG_WARN__DUPLICATE_METHOD_MATCH = YES;
				COPY_PHASE_STRIP = NO;
				DEBUG_INFORMATION_FORMAT = "dwarf-with-dsym";
				ENABLE_NS_ASSERTIONS = NO;
				ENABLE_STRICT_OBJC_MSGSEND = YES;
				GCC_C_LANGUAGE_STANDARD = gnu11;
				GCC_NO_COMMON_BLOCKS = YES;
				GCC_WARN_64_TO_32_BIT_CONVERSION = YES;
				GCC_WARN_ABOUT_RETURN_TYPE = YES_ERROR;
				GCC_WARN_UNDECLARED_SELECTOR = YES;
				GCC_WARN_UNINITIALIZED_AUTOS = YES_AGGRESSIVE;
				GCC_WARN_UNUSED_FUNCTION = YES;
				GCC_WARN_UNUSED_VARIABLE = YES;
				IPHONEOS_DEPLOYMENT_TARGET = 16.2;
				MTL_ENABLE_DEBUG_INFO = NO;
				MTL_FAST_MATH = YES;
				SDKROOT = iphoneos;
				SWIFT_COMPILATION_MODE = wholemodule;
				SWIFT_OPTIMIZATION_LEVEL = "-O";
				VALIDATE_PRODUCT = YES;
			};
			name = Release;
		};
		C024E2B42A52DEF60099FEC0 /* Debug */ = {
			isa = XCBuildConfiguration;
			buildSettings = {
				ASSETCATALOG_COMPILER_APPICON_NAME = AppIcon;
				ASSETCATALOG_COMPILER_GLOBAL_ACCENT_COLOR_NAME = AccentColor;
				CODE_SIGN_STYLE = Automatic;
				CURRENT_PROJECT_VERSION = 1;
				DEVELOPMENT_TEAM = C6YBX2MCPS;
				GENERATE_INFOPLIST_FILE = YES;
				INFOPLIST_FILE = DodoApp/Resources/Info.plist;
				INFOPLIST_KEY_UIApplicationSupportsIndirectInputEvents = YES;
				INFOPLIST_KEY_UILaunchStoryboardName = LaunchScreen;
				INFOPLIST_KEY_UIMainStoryboardFile = Main;
				INFOPLIST_KEY_UISupportedInterfaceOrientations_iPad = "UIInterfaceOrientationPortrait UIInterfaceOrientationPortraitUpsideDown UIInterfaceOrientationLandscapeLeft UIInterfaceOrientationLandscapeRight";
				INFOPLIST_KEY_UISupportedInterfaceOrientations_iPhone = "UIInterfaceOrientationPortrait UIInterfaceOrientationLandscapeLeft UIInterfaceOrientationLandscapeRight";
				LD_RUNPATH_SEARCH_PATHS = (
					"$(inherited)",
					"@executable_path/Frameworks",
				);
				MARKETING_VERSION = 1.0;
				PRODUCT_BUNDLE_IDENTIFIER = com.DodoApp;
				PRODUCT_NAME = "$(TARGET_NAME)";
				SWIFT_EMIT_LOC_STRINGS = YES;
				SWIFT_VERSION = 5.0;
				TARGETED_DEVICE_FAMILY = "1,2";
			};
			name = Debug;
		};
		C024E2B52A52DEF60099FEC0 /* Release */ = {
			isa = XCBuildConfiguration;
			buildSettings = {
				ASSETCATALOG_COMPILER_APPICON_NAME = AppIcon;
				ASSETCATALOG_COMPILER_GLOBAL_ACCENT_COLOR_NAME = AccentColor;
				CODE_SIGN_STYLE = Automatic;
				CURRENT_PROJECT_VERSION = 1;
				DEVELOPMENT_TEAM = C6YBX2MCPS;
				GENERATE_INFOPLIST_FILE = YES;
				INFOPLIST_FILE = DodoApp/Resources/Info.plist;
				INFOPLIST_KEY_UIApplicationSupportsIndirectInputEvents = YES;
				INFOPLIST_KEY_UILaunchStoryboardName = LaunchScreen;
				INFOPLIST_KEY_UIMainStoryboardFile = Main;
				INFOPLIST_KEY_UISupportedInterfaceOrientations_iPad = "UIInterfaceOrientationPortrait UIInterfaceOrientationPortraitUpsideDown UIInterfaceOrientationLandscapeLeft UIInterfaceOrientationLandscapeRight";
				INFOPLIST_KEY_UISupportedInterfaceOrientations_iPhone = "UIInterfaceOrientationPortrait UIInterfaceOrientationLandscapeLeft UIInterfaceOrientationLandscapeRight";
				LD_RUNPATH_SEARCH_PATHS = (
					"$(inherited)",
					"@executable_path/Frameworks",
				);
				MARKETING_VERSION = 1.0;
				PRODUCT_BUNDLE_IDENTIFIER = com.DodoApp;
				PRODUCT_NAME = "$(TARGET_NAME)";
				SWIFT_EMIT_LOC_STRINGS = YES;
				SWIFT_VERSION = 5.0;
				TARGETED_DEVICE_FAMILY = "1,2";
			};
			name = Release;
		};
/* End XCBuildConfiguration section */

/* Begin XCConfigurationList section */
		C024E29A2A52DEF50099FEC0 /* Build configuration list for PBXProject "DodoApp" */ = {
			isa = XCConfigurationList;
			buildConfigurations = (
				C024E2B12A52DEF60099FEC0 /* Debug */,
				C024E2B22A52DEF60099FEC0 /* Release */,
			);
			defaultConfigurationIsVisible = 0;
			defaultConfigurationName = Release;
		};
		C024E2B32A52DEF60099FEC0 /* Build configuration list for PBXNativeTarget "DodoApp" */ = {
			isa = XCConfigurationList;
			buildConfigurations = (
				C024E2B42A52DEF60099FEC0 /* Debug */,
				C024E2B52A52DEF60099FEC0 /* Release */,
			);
			defaultConfigurationIsVisible = 0;
			defaultConfigurationName = Release;
		};
/* End XCConfigurationList section */

/* Begin XCRemoteSwiftPackageReference section */
		C024E2B72A52E2580099FEC0 /* XCRemoteSwiftPackageReference "SnapKit" */ = {
			isa = XCRemoteSwiftPackageReference;
			repositoryURL = "https://github.com/SnapKit/SnapKit.git";
			requirement = {
				kind = upToNextMinorVersion;
				minimumVersion = 5.6.0;
			};
		};
/* End XCRemoteSwiftPackageReference section */

/* Begin XCSwiftPackageProductDependency section */
		C024E2B82A52E2580099FEC0 /* SnapKit */ = {
			isa = XCSwiftPackageProductDependency;
			package = C024E2B72A52E2580099FEC0 /* XCRemoteSwiftPackageReference "SnapKit" */;
			productName = SnapKit;
		};
/* End XCSwiftPackageProductDependency section */
	};
	rootObject = C024E2972A52DEF50099FEC0 /* Project object */;
}
